// !$*UTF8*$!
{
	archiveVersion = 1;
	classes = {
	};
	objectVersion = 77;
	objects = {

/* Begin PBXBuildFile section */
		6E5572CD2E2807A2003137C5 /* Auth in Frameworks */ = {isa = PBXBuildFile; productRef = 6E5572CC2E2807A2003137C5 /* Auth */; };
		6E5572CF2E2807A2003137C5 /* Functions in Frameworks */ = {isa = PBXBuildFile; productRef = 6E5572CE2E2807A2003137C5 /* Functions */; };
		6E5572D12E2807A2003137C5 /* PostgREST in Frameworks */ = {isa = PBXBuildFile; productRef = 6E5572D02E2807A2003137C5 /* PostgREST */; };
		6E5572D32E2807A2003137C5 /* Realtime in Frameworks */ = {isa = PBXBuildFile; productRef = 6E5572D22E2807A2003137C5 /* Realtime */; };
		6E5572D52E2807A2003137C5 /* Storage in Frameworks */ = {isa = PBXBuildFile; productRef = 6E5572D42E2807A2003137C5 /* Storage */; };
		6E5572D72E2807A2003137C5 /* Supabase in Frameworks */ = {isa = PBXBuildFile; productRef = 6E5572D62E2807A2003137C5 /* Supabase */; };
/* End PBXBuildFile section */

/* Begin PBXContainerItemProxy section */
		6E55725D2E26A5FD003137C5 /* PBXContainerItemProxy */ = {
			isa = PBXContainerItemProxy;
			containerPortal = 6E5572412E26A5FB003137C5 /* Project object */;
			proxyType = 1;
			remoteGlobalIDString = 6E5572482E26A5FB003137C5;
			remoteInfo = AIvy;
		};
		6E5572672E26A5FD003137C5 /* PBXContainerItemProxy */ = {
			isa = PBXContainerItemProxy;
			containerPortal = 6E5572412E26A5FB003137C5 /* Project object */;
			proxyType = 1;
			remoteGlobalIDString = 6E5572482E26A5FB003137C5;
			remoteInfo = AIvy;
		};
/* End PBXContainerItemProxy section */

/* Begin PBXFileReference section */
		6E5572492E26A5FB003137C5 /* AIvy.app */ = {isa = PBXFileReference; explicitFileType = wrapper.application; includeInIndex = 0; path = AIvy.app; sourceTree = BUILT_PRODUCTS_DIR; };
		6E55725C2E26A5FD003137C5 /* AIvyTests.xctest */ = {isa = PBXFileReference; explicitFileType = wrapper.cfbundle; includeInIndex = 0; path = AIvyTests.xctest; sourceTree = BUILT_PRODUCTS_DIR; };
		6E5572662E26A5FD003137C5 /* AIvyUITests.xctest */ = {isa = PBXFileReference; explicitFileType = wrapper.cfbundle; includeInIndex = 0; path = AIvyUITests.xctest; sourceTree = BUILT_PRODUCTS_DIR; };
/* End PBXFileReference section */

/* Begin PBXFileSystemSynchronizedBuildFileExceptionSet section */
		6E5572DB2E280B46003137C5 /* Exceptions for "AIvy" folder in "AIvy" target */ = {
			isa = PBXFileSystemSynchronizedBuildFileExceptionSet;
			membershipExceptions = (
				Info.plist,
			);
			target = 6E5572482E26A5FB003137C5 /* AIvy */;
		};
/* End PBXFileSystemSynchronizedBuildFileExceptionSet section */

/* Begin PBXFileSystemSynchronizedRootGroup section */
		6E55724B2E26A5FB003137C5 /* AIvy */ = {
			isa = PBXFileSystemSynchronizedRootGroup;
			exceptions = (
				6E5572DB2E280B46003137C5 /* Exceptions for "AIvy" folder in "AIvy" target */,
			);
			path = AIvy;
			sourceTree = "<group>";
		};
		6E55725F2E26A5FD003137C5 /* AIvyTests */ = {
			isa = PBXFileSystemSynchronizedRootGroup;
			path = AIvyTests;
			sourceTree = "<group>";
		};
		6E5572692E26A5FD003137C5 /* AIvyUITests */ = {
			isa = PBXFileSystemSynchronizedRootGroup;
			path = AIvyUITests;
			sourceTree = "<group>";
		};
/* End PBXFileSystemSynchronizedRootGroup section */

/* Begin PBXFrameworksBuildPhase section */
		6E5572462E26A5FB003137C5 /* Frameworks */ = {
			isa = PBXFrameworksBuildPhase;
			buildActionMask = 2147483647;
			files = (
				6E5572D12E2807A2003137C5 /* PostgREST in Frameworks */,
				6E5572CF2E2807A2003137C5 /* Functions in Frameworks */,
				6E5572D72E2807A2003137C5 /* Supabase in Frameworks */,
				6E5572CD2E2807A2003137C5 /* Auth in Frameworks */,
				6E5572D52E2807A2003137C5 /* Storage in Frameworks */,
				6E5572D32E2807A2003137C5 /* Realtime in Frameworks */,
			);
			runOnlyForDeploymentPostprocessing = 0;
		};
		6E5572592E26A5FD003137C5 /* Frameworks */ = {
			isa = PBXFrameworksBuildPhase;
			buildActionMask = 2147483647;
			files = (
			);
			runOnlyForDeploymentPostprocessing = 0;
		};
		6E5572632E26A5FD003137C5 /* Frameworks */ = {
			isa = PBXFrameworksBuildPhase;
			buildActionMask = 2147483647;
			files = (
			);
			runOnlyForDeploymentPostprocessing = 0;
		};
/* End PBXFrameworksBuildPhase section */

/* Begin PBXGroup section */
		6E5572402E26A5FB003137C5 = {
			isa = PBXGroup;
			children = (
				6E55724B2E26A5FB003137C5 /* AIvy */,
				6E55725F2E26A5FD003137C5 /* AIvyTests */,
				6E5572692E26A5FD003137C5 /* AIvyUITests */,
				6E55724A2E26A5FB003137C5 /* Products */,
			);
			sourceTree = "<group>";
		};
		6E55724A2E26A5FB003137C5 /* Products */ = {
			isa = PBXGroup;
			children = (
				6E5572492E26A5FB003137C5 /* AIvy.app */,
				6E55725C2E26A5FD003137C5 /* AIvyTests.xctest */,
				6E5572662E26A5FD003137C5 /* AIvyUITests.xctest */,
			);
			name = Products;
			sourceTree = "<group>";
		};
/* End PBXGroup section */

/* Begin PBXNativeTarget section */
		6E5572482E26A5FB003137C5 /* AIvy */ = {
			isa = PBXNativeTarget;
			buildConfigurationList = 6E5572702E26A5FD003137C5 /* Build configuration list for PBXNativeTarget "AIvy" */;
			buildPhases = (
				6E5572452E26A5FB003137C5 /* Sources */,
				6E5572462E26A5FB003137C5 /* Frameworks */,
				6E5572472E26A5FB003137C5 /* Resources */,
			);
			buildRules = (
			);
			dependencies = (
			);
			fileSystemSynchronizedGroups = (
				6E55724B2E26A5FB003137C5 /* AIvy */,
			);
			name = AIvy;
			packageProductDependencies = (
				6E5572CC2E2807A2003137C5 /* Auth */,
				6E5572CE2E2807A2003137C5 /* Functions */,
				6E5572D02E2807A2003137C5 /* PostgREST */,
				6E5572D22E2807A2003137C5 /* Realtime */,
				6E5572D42E2807A2003137C5 /* Storage */,
				6E5572D62E2807A2003137C5 /* Supabase */,
			);
			productName = AIvy;
			productReference = 6E5572492E26A5FB003137C5 /* AIvy.app */;
			productType = "com.apple.product-type.application";
		};
		6E55725B2E26A5FD003137C5 /* AIvyTests */ = {
			isa = PBXNativeTarget;
			buildConfigurationList = 6E5572732E26A5FD003137C5 /* Build configuration list for PBXNativeTarget "AIvyTests" */;
			buildPhases = (
				6E5572582E26A5FD003137C5 /* Sources */,
				6E5572592E26A5FD003137C5 /* Frameworks */,
				6E55725A2E26A5FD003137C5 /* Resources */,
			);
			buildRules = (
			);
			dependencies = (
				6E55725E2E26A5FD003137C5 /* PBXTargetDependency */,
			);
			fileSystemSynchronizedGroups = (
				6E55725F2E26A5FD003137C5 /* AIvyTests */,
			);
			name = AIvyTests;
			packageProductDependencies = (
			);
			productName = AIvyTests;
			productReference = 6E55725C2E26A5FD003137C5 /* AIvyTests.xctest */;
			productType = "com.apple.product-type.bundle.unit-test";
		};
		6E5572652E26A5FD003137C5 /* AIvyUITests */ = {
			isa = PBXNativeTarget;
			buildConfigurationList = 6E5572762E26A5FD003137C5 /* Build configuration list for PBXNativeTarget "AIvyUITests" */;
			buildPhases = (
				6E5572622E26A5FD003137C5 /* Sources */,
				6E5572632E26A5FD003137C5 /* Frameworks */,
				6E5572642E26A5FD003137C5 /* Resources */,
			);
			buildRules = (
			);
			dependencies = (
				6E5572682E26A5FD003137C5 /* PBXTargetDependency */,
			);
			fileSystemSynchronizedGroups = (
				6E5572692E26A5FD003137C5 /* AIvyUITests */,
			);
			name = AIvyUITests;
			packageProductDependencies = (
			);
			productName = AIvyUITests;
			productReference = 6E5572662E26A5FD003137C5 /* AIvyUITests.xctest */;
			productType = "com.apple.product-type.bundle.ui-testing";
		};
/* End PBXNativeTarget section */

/* Begin PBXProject section */
		6E5572412E26A5FB003137C5 /* Project object */ = {
			isa = PBXProject;
			attributes = {
				BuildIndependentTargetsInParallel = 1;
				LastSwiftUpdateCheck = 1640;
				LastUpgradeCheck = 1640;
				TargetAttributes = {
					6E5572482E26A5FB003137C5 = {
						CreatedOnToolsVersion = 16.4;
					};
					6E55725B2E26A5FD003137C5 = {
						CreatedOnToolsVersion = 16.4;
						TestTargetID = 6E5572482E26A5FB003137C5;
					};
					6E5572652E26A5FD003137C5 = {
						CreatedOnToolsVersion = 16.4;
						TestTargetID = 6E5572482E26A5FB003137C5;
					};
				};
			};
			buildConfigurationList = 6E5572442E26A5FB003137C5 /* Build configuration list for PBXProject "AIvy" */;
			developmentRegion = en;
			hasScannedForEncodings = 0;
			knownRegions = (
				en,
				Base,
			);
			mainGroup = 6E5572402E26A5FB003137C5;
			minimizedProjectReferenceProxies = 1;
			packageReferences = (
				6E5572CB2E2807A2003137C5 /* XCRemoteSwiftPackageReference "supabase-swift" */,
			);
			preferredProjectObjectVersion = 77;
			productRefGroup = 6E55724A2E26A5FB003137C5 /* Products */;
			projectDirPath = "";
			projectRoot = "";
			targets = (
				6E5572482E26A5FB003137C5 /* AIvy */,
				6E55725B2E26A5FD003137C5 /* AIvyTests */,
				6E5572652E26A5FD003137C5 /* AIvyUITests */,
			);
		};
/* End PBXProject section */

/* Begin PBXResourcesBuildPhase section */
		6E5572472E26A5FB003137C5 /* Resources */ = {
			isa = PBXResourcesBuildPhase;
			buildActionMask = 2147483647;
			files = (
			);
			runOnlyForDeploymentPostprocessing = 0;
		};
		6E55725A2E26A5FD003137C5 /* Resources */ = {
			isa = PBXResourcesBuildPhase;
			buildActionMask = 2147483647;
			files = (
			);
			runOnlyForDeploymentPostprocessing = 0;
		};
		6E5572642E26A5FD003137C5 /* Resources */ = {
			isa = PBXResourcesBuildPhase;
			buildActionMask = 2147483647;
			files = (
			);
			runOnlyForDeploymentPostprocessing = 0;
		};
/* End PBXResourcesBuildPhase section */

/* Begin PBXSourcesBuildPhase section */
		6E5572452E26A5FB003137C5 /* Sources */ = {
			isa = PBXSourcesBuildPhase;
			buildActionMask = 2147483647;
			files = (
			);
			runOnlyForDeploymentPostprocessing = 0;
		};
		6E5572582E26A5FD003137C5 /* Sources */ = {
			isa = PBXSourcesBuildPhase;
			buildActionMask = 2147483647;
			files = (
			);
			runOnlyForDeploymentPostprocessing = 0;
		};
		6E5572622E26A5FD003137C5 /* Sources */ = {
			isa = PBXSourcesBuildPhase;
			buildActionMask = 2147483647;
			files = (
			);
			runOnlyForDeploymentPostprocessing = 0;
		};
/* End PBXSourcesBuildPhase section */

/* Begin PBXTargetDependency section */
		6E55725E2E26A5FD003137C5 /* PBXTargetDependency */ = {
			isa = PBXTargetDependency;
			target = 6E5572482E26A5FB003137C5 /* AIvy */;
			targetProxy = 6E55725D2E26A5FD003137C5 /* PBXContainerItemProxy */;
		};
		6E5572682E26A5FD003137C5 /* PBXTargetDependency */ = {
			isa = PBXTargetDependency;
			target = 6E5572482E26A5FB003137C5 /* AIvy */;
			targetProxy = 6E5572672E26A5FD003137C5 /* PBXContainerItemProxy */;
		};
/* End PBXTargetDependency section */

/* Begin XCBuildConfiguration section */
		6E55726E2E26A5FD003137C5 /* Debug */ = {
			isa = XCBuildConfiguration;
			buildSettings = {
				ALWAYS_SEARCH_USER_PATHS = NO;
				ASSETCATALOG_COMPILER_GENERATE_SWIFT_ASSET_SYMBOL_EXTENSIONS = YES;
				CLANG_ANALYZER_NONNULL = YES;
				CLANG_ANALYZER_NUMBER_OBJECT_CONVERSION = YES_AGGRESSIVE;
				CLANG_CXX_LANGUAGE_STANDARD = "gnu++20";
				CLANG_ENABLE_MODULES = YES;
				CLANG_ENABLE_OBJC_ARC = YES;
				CLANG_ENABLE_OBJC_WEAK = YES;
				CLANG_WARN_BLOCK_CAPTURE_AUTORELEASING = YES;
				CLANG_WARN_BOOL_CONVERSION = YES;
				CLANG_WARN_COMMA = YES;
				CLANG_WARN_CONSTANT_CONVERSION = YES;
				CLANG_WARN_DEPRECATED_OBJC_IMPLEMENTATIONS = YES;
				CLANG_WARN_DIRECT_OBJC_ISA_USAGE = YES_ERROR;
				CLANG_WARN_DOCUMENTATION_COMMENTS = YES;
				CLANG_WARN_EMPTY_BODY = YES;
				CLANG_WARN_ENUM_CONVERSION = YES;
				CLANG_WARN_INFINITE_RECURSION = YES;
				CLANG_WARN_INT_CONVERSION = YES;
				CLANG_WARN_NON_LITERAL_NULL_CONVERSION = YES;
				CLANG_WARN_OBJC_IMPLICIT_RETAIN_SELF = YES;
				CLANG_WARN_OBJC_LITERAL_CONVERSION = YES;
				CLANG_WARN_OBJC_ROOT_CLASS = YES_ERROR;
				CLANG_WARN_QUOTED_INCLUDE_IN_FRAMEWORK_HEADER = YES;
				CLANG_WARN_RANGE_LOOP_ANALYSIS = YES;
				CLANG_WARN_STRICT_PROTOTYPES = YES;
				CLANG_WARN_SUSPICIOUS_MOVE = YES;
				CLANG_WARN_UNGUARDED_AVAILABILITY = YES_AGGRESSIVE;
				CLANG_WARN_UNREACHABLE_CODE = YES;
				CLANG_WARN__DUPLICATE_METHOD_MATCH = YES;
				COPY_PHASE_STRIP = NO;
				DEBUG_INFORMATION_FORMAT = dwarf;
				DEVELOPMENT_TEAM = 434W4NYSB5;
				ENABLE_STRICT_OBJC_MSGSEND = YES;
				ENABLE_TESTABILITY = YES;
				ENABLE_USER_SCRIPT_SANDBOXING = YES;
				GCC_C_LANGUAGE_STANDARD = gnu17;
				GCC_DYNAMIC_NO_PIC = NO;
				GCC_NO_COMMON_BLOCKS = YES;
				GCC_OPTIMIZATION_LEVEL = 0;
				GCC_PREPROCESSOR_DEFINITIONS = (
					"DEBUG=1",
					"$(inherited)",
				);
				GCC_WARN_64_TO_32_BIT_CONVERSION = YES;
				GCC_WARN_ABOUT_RETURN_TYPE = YES_ERROR;
				GCC_WARN_UNDECLARED_SELECTOR = YES;
				GCC_WARN_UNINITIALIZED_AUTOS = YES_AGGRESSIVE;
				GCC_WARN_UNUSED_FUNCTION = YES;
				GCC_WARN_UNUSED_VARIABLE = YES;
				LOCALIZATION_PREFERS_STRING_CATALOGS = YES;
				MTL_ENABLE_DEBUG_INFO = INCLUDE_SOURCE;
				MTL_FAST_MATH = YES;
				ONLY_ACTIVE_ARCH = YES;
				SWIFT_ACTIVE_COMPILATION_CONDITIONS = "DEBUG $(inherited)";
				SWIFT_OPTIMIZATION_LEVEL = "-Onone";
			};
			name = Debug;
		};
		6E55726F2E26A5FD003137C5 /* Release */ = {
			isa = XCBuildConfiguration;
			buildSettings = {
				ALWAYS_SEARCH_USER_PATHS = NO;
				ASSETCATALOG_COMPILER_GENERATE_SWIFT_ASSET_SYMBOL_EXTENSIONS = YES;
				CLANG_ANALYZER_NONNULL = YES;
				CLANG_ANALYZER_NUMBER_OBJECT_CONVERSION = YES_AGGRESSIVE;
				CLANG_CXX_LANGUAGE_STANDARD = "gnu++20";
				CLANG_ENABLE_MODULES = YES;
				CLANG_ENABLE_OBJC_ARC = YES;
				CLANG_ENABLE_OBJC_WEAK = YES;
				CLANG_WARN_BLOCK_CAPTURE_AUTORELEASING = YES;
				CLANG_WARN_BOOL_CONVERSION = YES;
				CLANG_WARN_COMMA = YES;
				CLANG_WARN_CONSTANT_CONVERSION = YES;
				CLANG_WARN_DEPRECATED_OBJC_IMPLEMENTATIONS = YES;
				CLANG_WARN_DIRECT_OBJC_ISA_USAGE = YES_ERROR;
				CLANG_WARN_DOCUMENTATION_COMMENTS = YES;
				CLANG_WARN_EMPTY_BODY = YES;
				CLANG_WARN_ENUM_CONVERSION = YES;
				CLANG_WARN_INFINITE_RECURSION = YES;
				CLANG_WARN_INT_CONVERSION = YES;
				CLANG_WARN_NON_LITERAL_NULL_CONVERSION = YES;
				CLANG_WARN_OBJC_IMPLICIT_RETAIN_SELF = YES;
				CLANG_WARN_OBJC_LITERAL_CONVERSION = YES;
				CLANG_WARN_OBJC_ROOT_CLASS = YES_ERROR;
				CLANG_WARN_QUOTED_INCLUDE_IN_FRAMEWORK_HEADER = YES;
				CLANG_WARN_RANGE_LOOP_ANALYSIS = YES;
				CLANG_WARN_STRICT_PROTOTYPES = YES;
				CLANG_WARN_SUSPICIOUS_MOVE = YES;
				CLANG_WARN_UNGUARDED_AVAILABILITY = YES_AGGRESSIVE;
				CLANG_WARN_UNREACHABLE_CODE = YES;
				CLANG_WARN__DUPLICATE_METHOD_MATCH = YES;
				COPY_PHASE_STRIP = NO;
				DEBUG_INFORMATION_FORMAT = "dwarf-with-dsym";
				DEVELOPMENT_TEAM = 434W4NYSB5;
				ENABLE_NS_ASSERTIONS = NO;
				ENABLE_STRICT_OBJC_MSGSEND = YES;
				ENABLE_USER_SCRIPT_SANDBOXING = YES;
				GCC_C_LANGUAGE_STANDARD = gnu17;
				GCC_NO_COMMON_BLOCKS = YES;
				GCC_WARN_64_TO_32_BIT_CONVERSION = YES;
				GCC_WARN_ABOUT_RETURN_TYPE = YES_ERROR;
				GCC_WARN_UNDECLARED_SELECTOR = YES;
				GCC_WARN_UNINITIALIZED_AUTOS = YES_AGGRESSIVE;
				GCC_WARN_UNUSED_FUNCTION = YES;
				GCC_WARN_UNUSED_VARIABLE = YES;
				LOCALIZATION_PREFERS_STRING_CATALOGS = YES;
				MTL_ENABLE_DEBUG_INFO = NO;
				MTL_FAST_MATH = YES;
				SWIFT_COMPILATION_MODE = wholemodule;
			};
			name = Release;
		};
		6E5572712E26A5FD003137C5 /* Debug */ = {
			isa = XCBuildConfiguration;
			buildSettings = {
				ASSETCATALOG_COMPILER_APPICON_NAME = AppIcon;
				ASSETCATALOG_COMPILER_GLOBAL_ACCENT_COLOR_NAME = AccentColor;
				CODE_SIGN_ENTITLEMENTS = AIvy/AIvy.entitlements;
				CODE_SIGN_STYLE = Automatic;
				CURRENT_PROJECT_VERSION = 1;
				DEVELOPMENT_TEAM = 434W4NYSB5;
				ENABLE_HARDENED_RUNTIME = YES;
				ENABLE_PREVIEWS = YES;
				GENERATE_INFOPLIST_FILE = YES;
				INFOPLIST_FILE = AIvy/Info.plist;
				"INFOPLIST_KEY_UIApplicationSceneManifest_Generation[sdk=iphoneos*]" = YES;
				"INFOPLIST_KEY_UIApplicationSceneManifest_Generation[sdk=iphonesimulator*]" = YES;
				"INFOPLIST_KEY_UIApplicationSupportsIndirectInputEvents[sdk=iphoneos*]" = YES;
				"INFOPLIST_KEY_UIApplicationSupportsIndirectInputEvents[sdk=iphonesimulator*]" = YES;
				"INFOPLIST_KEY_UILaunchScreen_Generation[sdk=iphoneos*]" = YES;
				"INFOPLIST_KEY_UILaunchScreen_Generation[sdk=iphonesimulator*]" = YES;
				"INFOPLIST_KEY_UIStatusBarStyle[sdk=iphoneos*]" = UIStatusBarStyleDefault;
				"INFOPLIST_KEY_UIStatusBarStyle[sdk=iphonesimulator*]" = UIStatusBarStyleDefault;
				INFOPLIST_KEY_UISupportedInterfaceOrientations_iPad = "UIInterfaceOrientationPortrait UIInterfaceOrientationPortraitUpsideDown UIInterfaceOrientationLandscapeLeft UIInterfaceOrientationLandscapeRight";
				INFOPLIST_KEY_UISupportedInterfaceOrientations_iPhone = "UIInterfaceOrientationPortrait UIInterfaceOrientationLandscapeLeft UIInterfaceOrientationLandscapeRight";
				IPHONEOS_DEPLOYMENT_TARGET = 18.5;
				LD_RUNPATH_SEARCH_PATHS = "@executable_path/Frameworks";
				"LD_RUNPATH_SEARCH_PATHS[sdk=macosx*]" = "@executable_path/../Frameworks";
				MACOSX_DEPLOYMENT_TARGET = 15.5;
				MARKETING_VERSION = 1.0;
				PRODUCT_BUNDLE_IDENTIFIER = xzeu.AIvy;
				PRODUCT_NAME = "$(TARGET_NAME)";
				REGISTER_APP_GROUPS = YES;
				SDKROOT = auto;
				SUPPORTED_PLATFORMS = "iphoneos iphonesimulator macosx xros xrsimulator";
				SWIFT_EMIT_LOC_STRINGS = YES;
				SWIFT_VERSION = 5.0;
				TARGETED_DEVICE_FAMILY = "1,2,7";
				XROS_DEPLOYMENT_TARGET = 2.5;
			};
			name = Debug;
		};
		6E5572722E26A5FD003137C5 /* Release */ = {
			isa = XCBuildConfiguration;
			buildSettings = {
				ASSETCATALOG_COMPILER_APPICON_NAME = AppIcon;
				ASSETCATALOG_COMPILER_GLOBAL_ACCENT_COLOR_NAME = AccentColor;
				CODE_SIGN_ENTITLEMENTS = AIvy/AIvy.entitlements;
				CODE_SIGN_STYLE = Automatic;
				CURRENT_PROJECT_VERSION = 1;
				DEVELOPMENT_TEAM = 434W4NYSB5;
				ENABLE_HARDENED_RUNTIME = YES;
				ENABLE_PREVIEWS = YES;
				GENERATE_INFOPLIST_FILE = YES;
				INFOPLIST_FILE = AIvy/Info.plist;
				"INFOPLIST_KEY_UIApplicationSceneManifest_Generation[sdk=iphoneos*]" = YES;
				"INFOPLIST_KEY_UIApplicationSceneManifest_Generation[sdk=iphonesimulator*]" = YES;
				"INFOPLIST_KEY_UIApplicationSupportsIndirectInputEvents[sdk=iphoneos*]" = YES;
				"INFOPLIST_KEY_UIApplicationSupportsIndirectInputEvents[sdk=iphonesimulator*]" = YES;
				"INFOPLIST_KEY_UILaunchScreen_Generation[sdk=iphoneos*]" = YES;
				"INFOPLIST_KEY_UILaunchScreen_Generation[sdk=iphonesimulator*]" = YES;
				"INFOPLIST_KEY_UIStatusBarStyle[sdk=iphoneos*]" = UIStatusBarStyleDefault;
				"INFOPLIST_KEY_UIStatusBarStyle[sdk=iphonesimulator*]" = UIStatusBarStyleDefault;
				INFOPLIST_KEY_UISupportedInterfaceOrientations_iPad = "UIInterfaceOrientationPortrait UIInterfaceOrientationPortraitUpsideDown UIInterfaceOrientationLandscapeLeft UIInterfaceOrientationLandscapeRight";
				INFOPLIST_KEY_UISupportedInterfaceOrientations_iPhone = "UIInterfaceOrientationPortrait UIInterfaceOrientationLandscapeLeft UIInterfaceOrientationLandscapeRight";
				IPHONEOS_DEPLOYMENT_TARGET = 18.5;
				LD_RUNPATH_SEARCH_PATHS = "@executable_path/Frameworks";
				"LD_RUNPATH_SEARCH_PATHS[sdk=macosx*]" = "@executable_path/../Frameworks";
				MACOSX_DEPLOYMENT_TARGET = 15.5;
				MARKETING_VERSION = 1.0;
				PRODUCT_BUNDLE_IDENTIFIER = xzeu.AIvy;
				PRODUCT_NAME = "$(TARGET_NAME)";
				REGISTER_APP_GROUPS = YES;
				SDKROOT = auto;
				SUPPORTED_PLATFORMS = "iphoneos iphonesimulator macosx xros xrsimulator";
				SWIFT_EMIT_LOC_STRINGS = YES;
				SWIFT_VERSION = 5.0;
				TARGETED_DEVICE_FAMILY = "1,2,7";
				XROS_DEPLOYMENT_TARGET = 2.5;
			};
			name = Release;
		};
		6E5572742E26A5FD003137C5 /* Debug */ = {
			isa = XCBuildConfiguration;
			buildSettings = {
				BUNDLE_LOADER = "$(TEST_HOST)";
				CODE_SIGN_STYLE = Automatic;
				CURRENT_PROJECT_VERSION = 1;
				DEVELOPMENT_TEAM = 434W4NYSB5;
				GENERATE_INFOPLIST_FILE = YES;
				IPHONEOS_DEPLOYMENT_TARGET = 18.5;
				MACOSX_DEPLOYMENT_TARGET = 15.5;
				MARKETING_VERSION = 1.0;
				PRODUCT_BUNDLE_IDENTIFIER = xzeu.AIvyTests;
				PRODUCT_NAME = "$(TARGET_NAME)";
				SDKROOT = auto;
				SUPPORTED_PLATFORMS = "iphoneos iphonesimulator macosx xros xrsimulator";
				SWIFT_EMIT_LOC_STRINGS = NO;
				SWIFT_VERSION = 5.0;
				TARGETED_DEVICE_FAMILY = "1,2,7";
				TEST_HOST = "$(BUILT_PRODUCTS_DIR)/AIvy.app/$(BUNDLE_EXECUTABLE_FOLDER_PATH)/AIvy";
				XROS_DEPLOYMENT_TARGET = 2.5;
			};
			name = Debug;
		};
		6E5572752E26A5FD003137C5 /* Release */ = {
			isa = XCBuildConfiguration;
			buildSettings = {
				BUNDLE_LOADER = "$(TEST_HOST)";
				CODE_SIGN_STYLE = Automatic;
				CURRENT_PROJECT_VERSION = 1;
				DEVELOPMENT_TEAM = 434W4NYSB5;
				GENERATE_INFOPLIST_FILE = YES;
				IPHONEOS_DEPLOYMENT_TARGET = 18.5;
				MACOSX_DEPLOYMENT_TARGET = 15.5;
				MARKETING_VERSION = 1.0;
				PRODUCT_BUNDLE_IDENTIFIER = xzeu.AIvyTests;
				PRODUCT_NAME = "$(TARGET_NAME)";
				SDKROOT = auto;
				SUPPORTED_PLATFORMS = "iphoneos iphonesimulator macosx xros xrsimulator";
				SWIFT_EMIT_LOC_STRINGS = NO;
				SWIFT_VERSION = 5.0;
				TARGETED_DEVICE_FAMILY = "1,2,7";
				TEST_HOST = "$(BUILT_PRODUCTS_DIR)/AIvy.app/$(BUNDLE_EXECUTABLE_FOLDER_PATH)/AIvy";
				XROS_DEPLOYMENT_TARGET = 2.5;
			};
			name = Release;
		};
		6E5572772E26A5FD003137C5 /* Debug */ = {
			isa = XCBuildConfiguration;
			buildSettings = {
				CODE_SIGN_STYLE = Automatic;
				CURRENT_PROJECT_VERSION = 1;
				DEVELOPMENT_TEAM = 434W4NYSB5;
				GENERATE_INFOPLIST_FILE = YES;
				IPHONEOS_DEPLOYMENT_TARGET = 18.5;
				MACOSX_DEPLOYMENT_TARGET = 15.5;
				MARKETING_VERSION = 1.0;
				PRODUCT_BUNDLE_IDENTIFIER = xzeu.AIvyUITests;
				PRODUCT_NAME = "$(TARGET_NAME)";
				SDKROOT = auto;
				SUPPORTED_PLATFORMS = "iphoneos iphonesimulator macosx xros xrsimulator";
				SWIFT_EMIT_LOC_STRINGS = NO;
				SWIFT_VERSION = 5.0;
				TARGETED_DEVICE_FAMILY = "1,2,7";
				TEST_TARGET_NAME = AIvy;
				XROS_DEPLOYMENT_TARGET = 2.5;
			};
			name = Debug;
		};
		6E5572782E26A5FD003137C5 /* Release */ = {
			isa = XCBuildConfiguration;
			buildSettings = {
				CODE_SIGN_STYLE = Automatic;
				CURRENT_PROJECT_VERSION = 1;
				DEVELOPMENT_TEAM = 434W4NYSB5;
				GENERATE_INFOPLIST_FILE = YES;
				IPHONEOS_DEPLOYMENT_TARGET = 18.5;
				MACOSX_DEPLOYMENT_TARGET = 15.5;
				MARKETING_VERSION = 1.0;
				PRODUCT_BUNDLE_IDENTIFIER = xzeu.AIvyUITests;
				PRODUCT_NAME = "$(TARGET_NAME)";
				SDKROOT = auto;
				SUPPORTED_PLATFORMS = "iphoneos iphonesimulator macosx xros xrsimulator";
				SWIFT_EMIT_LOC_STRINGS = NO;
				SWIFT_VERSION = 5.0;
				TARGETED_DEVICE_FAMILY = "1,2,7";
				TEST_TARGET_NAME = AIvy;
				XROS_DEPLOYMENT_TARGET = 2.5;
			};
			name = Release;
		};
/* End XCBuildConfiguration section */

/* Begin XCConfigurationList section */
		6E5572442E26A5FB003137C5 /* Build configuration list for PBXProject "AIvy" */ = {
			isa = XCConfigurationList;
			buildConfigurations = (
				6E55726E2E26A5FD003137C5 /* Debug */,
				6E55726F2E26A5FD003137C5 /* Release */,
			);
			defaultConfigurationIsVisible = 0;
			defaultConfigurationName = Release;
		};
		6E5572702E26A5FD003137C5 /* Build configuration list for PBXNativeTarget "AIvy" */ = {
			isa = XCConfigurationList;
			buildConfigurations = (
				6E5572712E26A5FD003137C5 /* Debug */,
				6E5572722E26A5FD003137C5 /* Release */,
			);
			defaultConfigurationIsVisible = 0;
			defaultConfigurationName = Release;
		};
		6E5572732E26A5FD003137C5 /* Build configuration list for PBXNativeTarget "AIvyTests" */ = {
			isa = XCConfigurationList;
			buildConfigurations = (
				6E5572742E26A5FD003137C5 /* Debug */,
				6E5572752E26A5FD003137C5 /* Release */,
			);
			defaultConfigurationIsVisible = 0;
			defaultConfigurationName = Release;
		};
		6E5572762E26A5FD003137C5 /* Build configuration list for PBXNativeTarget "AIvyUITests" */ = {
			isa = XCConfigurationList;
			buildConfigurations = (
				6E5572772E26A5FD003137C5 /* Debug */,
				6E5572782E26A5FD003137C5 /* Release */,
			);
			defaultConfigurationIsVisible = 0;
			defaultConfigurationName = Release;
		};
/* End XCConfigurationList section */

/* Begin XCRemoteSwiftPackageReference section */
		6E5572CB2E2807A2003137C5 /* XCRemoteSwiftPackageReference "supabase-swift" */ = {
			isa = XCRemoteSwiftPackageReference;
			repositoryURL = "https://github.com/supabase-community/supabase-swift";
			requirement = {
				kind = upToNextMajorVersion;
				minimumVersion = 2.5.1;
			};
		};
/* End XCRemoteSwiftPackageReference section */

/* Begin XCSwiftPackageProductDependency section */
		6E5572CC2E2807A2003137C5 /* Auth */ = {
			isa = XCSwiftPackageProductDependency;
			package = 6E5572CB2E2807A2003137C5 /* XCRemoteSwiftPackageReference "supabase-swift" */;
			productName = Auth;
		};
		6E5572CE2E2807A2003137C5 /* Functions */ = {
			isa = XCSwiftPackageProductDependency;
			package = 6E5572CB2E2807A2003137C5 /* XCRemoteSwiftPackageReference "supabase-swift" */;
			productName = Functions;
		};
		6E5572D02E2807A2003137C5 /* PostgREST */ = {
			isa = XCSwiftPackageProductDependency;
			package = 6E5572CB2E2807A2003137C5 /* XCRemoteSwiftPackageReference "supabase-swift" */;
			productName = PostgREST;
		};
		6E5572D22E2807A2003137C5 /* Realtime */ = {
			isa = XCSwiftPackageProductDependency;
			package = 6E5572CB2E2807A2003137C5 /* XCRemoteSwiftPackageReference "supabase-swift" */;
			productName = Realtime;
		};
		6E5572D42E2807A2003137C5 /* Storage */ = {
			isa = XCSwiftPackageProductDependency;
			package = 6E5572CB2E2807A2003137C5 /* XCRemoteSwiftPackageReference "supabase-swift" */;
			productName = Storage;
		};
		6E5572D62E2807A2003137C5 /* Supabase */ = {
			isa = XCSwiftPackageProductDependency;
			package = 6E5572CB2E2807A2003137C5 /* XCRemoteSwiftPackageReference "supabase-swift" */;
			productName = Supabase;
		};
/* End XCSwiftPackageProductDependency section */
	};
	rootObject = 6E5572412E26A5FB003137C5 /* Project object */;
}
